// !$*UTF8*$!
{
	archiveVersion = 1;
	classes = {
	};
	objectVersion = 50;
	objects = {

/* Begin PBXBuildFile section */
		84417C3E20811AC300BB3513 /* AppDelegate.swift in Sources */ = {isa = PBXBuildFile; fileRef = 84417C3D20811AC300BB3513 /* AppDelegate.swift */; };
		84417C4020811AC300BB3513 /* ViewController.swift in Sources */ = {isa = PBXBuildFile; fileRef = 84417C3F20811AC300BB3513 /* ViewController.swift */; };
		84417C4320811AC300BB3513 /* Main.storyboard in Resources */ = {isa = PBXBuildFile; fileRef = 84417C4120811AC300BB3513 /* Main.storyboard */; };
		84417C4520811AC400BB3513 /* Assets.xcassets in Resources */ = {isa = PBXBuildFile; fileRef = 84417C4420811AC400BB3513 /* Assets.xcassets */; };
		84417C4820811AC400BB3513 /* LaunchScreen.storyboard in Resources */ = {isa = PBXBuildFile; fileRef = 84417C4620811AC400BB3513 /* LaunchScreen.storyboard */; };
		84417C5320811AC400BB3513 /* PhotoMasterTests.swift in Sources */ = {isa = PBXBuildFile; fileRef = 84417C5220811AC400BB3513 /* PhotoMasterTests.swift */; };
		84417C5E20811AC400BB3513 /* PhotoMasterUITests.swift in Sources */ = {isa = PBXBuildFile; fileRef = 84417C5D20811AC400BB3513 /* PhotoMasterUITests.swift */; };
/* End PBXBuildFile section */

/* Begin PBXContainerItemProxy section */
		84417C4F20811AC400BB3513 /* PBXContainerItemProxy */ = {
			isa = PBXContainerItemProxy;
			containerPortal = 84417C3220811AC300BB3513 /* Project object */;
			proxyType = 1;
			remoteGlobalIDString = 84417C3920811AC300BB3513;
			remoteInfo = PhotoMaster;
		};
		84417C5A20811AC400BB3513 /* PBXContainerItemProxy */ = {
			isa = PBXContainerItemProxy;
			containerPortal = 84417C3220811AC300BB3513 /* Project object */;
			proxyType = 1;
			remoteGlobalIDString = 84417C3920811AC300BB3513;
			remoteInfo = PhotoMaster;
		};
/* End PBXContainerItemProxy section */

/* Begin PBXFileReference section */
		84417C3A20811AC300BB3513 /* PhotoMaster.app */ = {isa = PBXFileReference; explicitFileType = wrapper.application; includeInIndex = 0; path = PhotoMaster.app; sourceTree = BUILT_PRODUCTS_DIR; };
		84417C3D20811AC300BB3513 /* AppDelegate.swift */ = {isa = PBXFileReference; lastKnownFileType = sourcecode.swift; path = AppDelegate.swift; sourceTree = "<group>"; };
		84417C3F20811AC300BB3513 /* ViewController.swift */ = {isa = PBXFileReference; lastKnownFileType = sourcecode.swift; path = ViewController.swift; sourceTree = "<group>"; };
		84417C4220811AC300BB3513 /* Base */ = {isa = PBXFileReference; lastKnownFileType = file.storyboard; name = Base; path = Base.lproj/Main.storyboard; sourceTree = "<group>"; };
		84417C4420811AC400BB3513 /* Assets.xcassets */ = {isa = PBXFileReference; lastKnownFileType = folder.assetcatalog; path = Assets.xcassets; sourceTree = "<group>"; };
		84417C4720811AC400BB3513 /* Base */ = {isa = PBXFileReference; lastKnownFileType = file.storyboard; name = Base; path = Base.lproj/LaunchScreen.storyboard; sourceTree = "<group>"; };
		84417C4920811AC400BB3513 /* Info.plist */ = {isa = PBXFileReference; lastKnownFileType = text.plist.xml; path = Info.plist; sourceTree = "<group>"; };
		84417C4E20811AC400BB3513 /* PhotoMasterTests.xctest */ = {isa = PBXFileReference; explicitFileType = wrapper.cfbundle; includeInIndex = 0; path = PhotoMasterTests.xctest; sourceTree = BUILT_PRODUCTS_DIR; };
		84417C5220811AC400BB3513 /* PhotoMasterTests.swift */ = {isa = PBXFileReference; lastKnownFileType = sourcecode.swift; path = PhotoMasterTests.swift; sourceTree = "<group>"; };
		84417C5420811AC400BB3513 /* Info.plist */ = {isa = PBXFileReference; lastKnownFileType = text.plist.xml; path = Info.plist; sourceTree = "<group>"; };
		84417C5920811AC400BB3513 /* PhotoMasterUITests.xctest */ = {isa = PBXFileReference; explicitFileType = wrapper.cfbundle; includeInIndex = 0; path = PhotoMasterUITests.xctest; sourceTree = BUILT_PRODUCTS_DIR; };
		84417C5D20811AC400BB3513 /* PhotoMasterUITests.swift */ = {isa = PBXFileReference; lastKnownFileType = sourcecode.swift; path = PhotoMasterUITests.swift; sourceTree = "<group>"; };
		84417C5F20811AC400BB3513 /* Info.plist */ = {isa = PBXFileReference; lastKnownFileType = text.plist.xml; path = Info.plist; sourceTree = "<group>"; };
/* End PBXFileReference section */

/* Begin PBXFrameworksBuildPhase section */
		84417C3720811AC300BB3513 /* Frameworks */ = {
			isa = PBXFrameworksBuildPhase;
			buildActionMask = 2147483647;
			files = (
			);
			runOnlyForDeploymentPostprocessing = 0;
		};
		84417C4B20811AC400BB3513 /* Frameworks */ = {
			isa = PBXFrameworksBuildPhase;
			buildActionMask = 2147483647;
			files = (
			);
			runOnlyForDeploymentPostprocessing = 0;
		};
		84417C5620811AC400BB3513 /* Frameworks */ = {
			isa = PBXFrameworksBuildPhase;
			buildActionMask = 2147483647;
			files = (
			);
			runOnlyForDeploymentPostprocessing = 0;
		};
/* End PBXFrameworksBuildPhase section */

/* Begin PBXGroup section */
		84417C3120811AC300BB3513 = {
			isa = PBXGroup;
			children = (
				84417C3C20811AC300BB3513 /* PhotoMaster */,
				84417C5120811AC400BB3513 /* PhotoMasterTests */,
				84417C5C20811AC400BB3513 /* PhotoMasterUITests */,
				84417C3B20811AC300BB3513 /* Products */,
			);
			sourceTree = "<group>";
		};
		84417C3B20811AC300BB3513 /* Products */ = {
			isa = PBXGroup;
			children = (
				84417C3A20811AC300BB3513 /* PhotoMaster.app */,
				84417C4E20811AC400BB3513 /* PhotoMasterTests.xctest */,
				84417C5920811AC400BB3513 /* PhotoMasterUITests.xctest */,
			);
			name = Products;
			sourceTree = "<group>";
		};
		84417C3C20811AC300BB3513 /* PhotoMaster */ = {
			isa = PBXGroup;
			children = (
				84417C3D20811AC300BB3513 /* AppDelegate.swift */,
				84417C3F20811AC300BB3513 /* ViewController.swift */,
				84417C4120811AC300BB3513 /* Main.storyboard */,
				84417C4420811AC400BB3513 /* Assets.xcassets */,
				84417C4620811AC400BB3513 /* LaunchScreen.storyboard */,
				84417C4920811AC400BB3513 /* Info.plist */,
			);
			path = PhotoMaster;
			sourceTree = "<group>";
		};
		84417C5120811AC400BB3513 /* PhotoMasterTests */ = {
			isa = PBXGroup;
			children = (
				84417C5220811AC400BB3513 /* PhotoMasterTests.swift */,
				84417C5420811AC400BB3513 /* Info.plist */,
			);
			path = PhotoMasterTests;
			sourceTree = "<group>";
		};
		84417C5C20811AC400BB3513 /* PhotoMasterUITests */ = {
			isa = PBXGroup;
			children = (
				84417C5D20811AC400BB3513 /* PhotoMasterUITests.swift */,
				84417C5F20811AC400BB3513 /* Info.plist */,
			);
			path = PhotoMasterUITests;
			sourceTree = "<group>";
		};
/* End PBXGroup section */

/* Begin PBXNativeTarget section */
		84417C3920811AC300BB3513 /* PhotoMaster */ = {
			isa = PBXNativeTarget;
			buildConfigurationList = 84417C6220811AC400BB3513 /* Build configuration list for PBXNativeTarget "PhotoMaster" */;
			buildPhases = (
				84417C3620811AC300BB3513 /* Sources */,
				84417C3720811AC300BB3513 /* Frameworks */,
				84417C3820811AC300BB3513 /* Resources */,
			);
			buildRules = (
			);
			dependencies = (
			);
			name = PhotoMaster;
			productName = PhotoMaster;
			productReference = 84417C3A20811AC300BB3513 /* PhotoMaster.app */;
			productType = "com.apple.product-type.application";
		};
		84417C4D20811AC400BB3513 /* PhotoMasterTests */ = {
			isa = PBXNativeTarget;
			buildConfigurationList = 84417C6520811AC400BB3513 /* Build configuration list for PBXNativeTarget "PhotoMasterTests" */;
			buildPhases = (
				84417C4A20811AC400BB3513 /* Sources */,
				84417C4B20811AC400BB3513 /* Frameworks */,
				84417C4C20811AC400BB3513 /* Resources */,
			);
			buildRules = (
			);
			dependencies = (
				84417C5020811AC400BB3513 /* PBXTargetDependency */,
			);
			name = PhotoMasterTests;
			productName = PhotoMasterTests;
			productReference = 84417C4E20811AC400BB3513 /* PhotoMasterTests.xctest */;
			productType = "com.apple.product-type.bundle.unit-test";
		};
		84417C5820811AC400BB3513 /* PhotoMasterUITests */ = {
			isa = PBXNativeTarget;
			buildConfigurationList = 84417C6820811AC400BB3513 /* Build configuration list for PBXNativeTarget "PhotoMasterUITests" */;
			buildPhases = (
				84417C5520811AC400BB3513 /* Sources */,
				84417C5620811AC400BB3513 /* Frameworks */,
				84417C5720811AC400BB3513 /* Resources */,
			);
			buildRules = (
			);
			dependencies = (
				84417C5B20811AC400BB3513 /* PBXTargetDependency */,
			);
			name = PhotoMasterUITests;
			productName = PhotoMasterUITests;
			productReference = 84417C5920811AC400BB3513 /* PhotoMasterUITests.xctest */;
			productType = "com.apple.product-type.bundle.ui-testing";
		};
/* End PBXNativeTarget section */

/* Begin PBXProject section */
		84417C3220811AC300BB3513 /* Project object */ = {
			isa = PBXProject;
			attributes = {
				LastSwiftUpdateCheck = 0930;
				LastUpgradeCheck = 0930;
				ORGANIZATIONNAME = "Yoshiki Kishimoto";
				TargetAttributes = {
					84417C3920811AC300BB3513 = {
						CreatedOnToolsVersion = 9.3;
					};
					84417C4D20811AC400BB3513 = {
						CreatedOnToolsVersion = 9.3;
						TestTargetID = 84417C3920811AC300BB3513;
					};
					84417C5820811AC400BB3513 = {
						CreatedOnToolsVersion = 9.3;
						TestTargetID = 84417C3920811AC300BB3513;
					};
				};
			};
			buildConfigurationList = 84417C3520811AC300BB3513 /* Build configuration list for PBXProject "PhotoMaster" */;
			compatibilityVersion = "Xcode 9.3";
			developmentRegion = en;
			hasScannedForEncodings = 0;
			knownRegions = (
				en,
				Base,
			);
			mainGroup = 84417C3120811AC300BB3513;
			productRefGroup = 84417C3B20811AC300BB3513 /* Products */;
			projectDirPath = "";
			projectRoot = "";
			targets = (
				84417C3920811AC300BB3513 /* PhotoMaster */,
				84417C4D20811AC400BB3513 /* PhotoMasterTests */,
				84417C5820811AC400BB3513 /* PhotoMasterUITests */,
			);
		};
/* End PBXProject section */

/* Begin PBXResourcesBuildPhase section */
		84417C3820811AC300BB3513 /* Resources */ = {
			isa = PBXResourcesBuildPhase;
			buildActionMask = 2147483647;
			files = (
				84417C4820811AC400BB3513 /* LaunchScreen.storyboard in Resources */,
				84417C4520811AC400BB3513 /* Assets.xcassets in Resources */,
				84417C4320811AC300BB3513 /* Main.storyboard in Resources */,
			);
			runOnlyForDeploymentPostprocessing = 0;
		};
		84417C4C20811AC400BB3513 /* Resources */ = {
			isa = PBXResourcesBuildPhase;
			buildActionMask = 2147483647;
			files = (
			);
			runOnlyForDeploymentPostprocessing = 0;
		};
		84417C5720811AC400BB3513 /* Resources */ = {
			isa = PBXResourcesBuildPhase;
			buildActionMask = 2147483647;
			files = (
			);
			runOnlyForDeploymentPostprocessing = 0;
		};
/* End PBXResourcesBuildPhase section */

/* Begin PBXSourcesBuildPhase section */
		84417C3620811AC300BB3513 /* Sources */ = {
			isa = PBXSourcesBuildPhase;
			buildActionMask = 2147483647;
			files = (
				84417C4020811AC300BB3513 /* ViewController.swift in Sources */,
				84417C3E20811AC300BB3513 /* AppDelegate.swift in Sources */,
			);
			runOnlyForDeploymentPostprocessing = 0;
		};
		84417C4A20811AC400BB3513 /* Sources */ = {
			isa = PBXSourcesBuildPhase;
			buildActionMask = 2147483647;
			files = (
				84417C5320811AC400BB3513 /* PhotoMasterTests.swift in Sources */,
			);
			runOnlyForDeploymentPostprocessing = 0;
		};
		84417C5520811AC400BB3513 /* Sources */ = {
			isa = PBXSourcesBuildPhase;
			buildActionMask = 2147483647;
			files = (
				84417C5E20811AC400BB3513 /* PhotoMasterUITests.swift in Sources */,
			);
			runOnlyForDeploymentPostprocessing = 0;
		};
/* End PBXSourcesBuildPhase section */

/* Begin PBXTargetDependency section */
		84417C5020811AC400BB3513 /* PBXTargetDependency */ = {
			isa = PBXTargetDependency;
			target = 84417C3920811AC300BB3513 /* PhotoMaster */;
			targetProxy = 84417C4F20811AC400BB3513 /* PBXContainerItemProxy */;
		};
		84417C5B20811AC400BB3513 /* PBXTargetDependency */ = {
			isa = PBXTargetDependency;
			target = 84417C3920811AC300BB3513 /* PhotoMaster */;
			targetProxy = 84417C5A20811AC400BB3513 /* PBXContainerItemProxy */;
		};
/* End PBXTargetDependency section */

/* Begin PBXVariantGroup section */
		84417C4120811AC300BB3513 /* Main.storyboard */ = {
			isa = PBXVariantGroup;
			children = (
				84417C4220811AC300BB3513 /* Base */,
			);
			name = Main.storyboard;
			sourceTree = "<group>";
		};
		84417C4620811AC400BB3513 /* LaunchScreen.storyboard */ = {
			isa = PBXVariantGroup;
			children = (
				84417C4720811AC400BB3513 /* Base */,
			);
			name = LaunchScreen.storyboard;
			sourceTree = "<group>";
		};
/* End PBXVariantGroup section */

/* Begin XCBuildConfiguration section */
		84417C6020811AC400BB3513 /* Debug */ = {
			isa = XCBuildConfiguration;
			buildSettings = {
				ALWAYS_SEARCH_USER_PATHS = NO;
				CLANG_ANALYZER_NONNULL = YES;
				CLANG_ANALYZER_NUMBER_OBJECT_CONVERSION = YES_AGGRESSIVE;
				CLANG_CXX_LANGUAGE_STANDARD = "gnu++14";
				CLANG_CXX_LIBRARY = "libc++";
				CLANG_ENABLE_MODULES = YES;
				CLANG_ENABLE_OBJC_ARC = YES;
				CLANG_ENABLE_OBJC_WEAK = YES;
				CLANG_WARN_BLOCK_CAPTURE_AUTORELEASING = YES;
				CLANG_WARN_BOOL_CONVERSION = YES;
				CLANG_WARN_COMMA = YES;
				CLANG_WARN_CONSTANT_CONVERSION = YES;
				CLANG_WARN_DEPRECATED_OBJC_IMPLEMENTATIONS = YES;
				CLANG_WARN_DIRECT_OBJC_ISA_USAGE = YES_ERROR;
				CLANG_WARN_DOCUMENTATION_COMMENTS = YES;
				CLANG_WARN_EMPTY_BODY = YES;
				CLANG_WARN_ENUM_CONVERSION = YES;
				CLANG_WARN_INFINITE_RECURSION = YES;
				CLANG_WARN_INT_CONVERSION = YES;
				CLANG_WARN_NON_LITERAL_NULL_CONVERSION = YES;
				CLANG_WARN_OBJC_IMPLICIT_RETAIN_SELF = YES;
				CLANG_WARN_OBJC_LITERAL_CONVERSION = YES;
				CLANG_WARN_OBJC_ROOT_CLASS = YES_ERROR;
				CLANG_WARN_RANGE_LOOP_ANALYSIS = YES;
				CLANG_WARN_STRICT_PROTOTYPES = YES;
				CLANG_WARN_SUSPICIOUS_MOVE = YES;
				CLANG_WARN_UNGUARDED_AVAILABILITY = YES_AGGRESSIVE;
				CLANG_WARN_UNREACHABLE_CODE = YES;
				CLANG_WARN__DUPLICATE_METHOD_MATCH = YES;
				CODE_SIGN_IDENTITY = "iPhone Developer";
				COPY_PHASE_STRIP = NO;
				DEBUG_INFORMATION_FORMAT = dwarf;
				ENABLE_STRICT_OBJC_MSGSEND = YES;
				ENABLE_TESTABILITY = YES;
				GCC_C_LANGUAGE_STANDARD = gnu11;
				GCC_DYNAMIC_NO_PIC = NO;
				GCC_NO_COMMON_BLOCKS = YES;
				GCC_OPTIMIZATION_LEVEL = 0;
				GCC_PREPROCESSOR_DEFINITIONS = (
					"DEBUG=1",
					"$(inherited)",
				);
				GCC_WARN_64_TO_32_BIT_CONVERSION = YES;
				GCC_WARN_ABOUT_RETURN_TYPE = YES_ERROR;
				GCC_WARN_UNDECLARED_SELECTOR = YES;
				GCC_WARN_UNINITIALIZED_AUTOS = YES_AGGRESSIVE;
				GCC_WARN_UNUSED_FUNCTION = YES;
				GCC_WARN_UNUSED_VARIABLE = YES;
				IPHONEOS_DEPLOYMENT_TARGET = 11.3;
				MTL_ENABLE_DEBUG_INFO = YES;
				ONLY_ACTIVE_ARCH = YES;
				SDKROOT = iphoneos;
				SWIFT_ACTIVE_COMPILATION_CONDITIONS = DEBUG;
				SWIFT_OPTIMIZATION_LEVEL = "-Onone";
			};
			name = Debug;
		};
		84417C6120811AC400BB3513 /* Release */ = {
			isa = XCBuildConfiguration;
			buildSettings = {
				ALWAYS_SEARCH_USER_PATHS = NO;
				CLANG_ANALYZER_NONNULL = YES;
				CLANG_ANALYZER_NUMBER_OBJECT_CONVERSION = YES_AGGRESSIVE;
				CLANG_CXX_LANGUAGE_STANDARD = "gnu++14";
				CLANG_CXX_LIBRARY = "libc++";
				CLANG_ENABLE_MODULES = YES;
				CLANG_ENABLE_OBJC_ARC = YES;
				CLANG_ENABLE_OBJC_WEAK = YES;
				CLANG_WARN_BLOCK_CAPTURE_AUTORELEASING = YES;
				CLANG_WARN_BOOL_CONVERSION = YES;
				CLANG_WARN_COMMA = YES;
				CLANG_WARN_CONSTANT_CONVERSION = YES;
				CLANG_WARN_DEPRECATED_OBJC_IMPLEMENTATIONS = YES;
				CLANG_WARN_DIRECT_OBJC_ISA_USAGE = YES_ERROR;
				CLANG_WARN_DOCUMENTATION_COMMENTS = YES;
				CLANG_WARN_EMPTY_BODY = YES;
				CLANG_WARN_ENUM_CONVERSION = YES;
				CLANG_WARN_INFINITE_RECURSION = YES;
				CLANG_WARN_INT_CONVERSION = YES;
				CLANG_WARN_NON_LITERAL_NULL_CONVERSION = YES;
				CLANG_WARN_OBJC_IMPLICIT_RETAIN_SELF = YES;
				CLANG_WARN_OBJC_LITERAL_CONVERSION = YES;
				CLANG_WARN_OBJC_ROOT_CLASS = YES_ERROR;
				CLANG_WARN_RANGE_LOOP_ANALYSIS = YES;
				CLANG_WARN_STRICT_PROTOTYPES = YES;
				CLANG_WARN_SUSPICIOUS_MOVE = YES;
				CLANG_WARN_UNGUARDED_AVAILABILITY = YES_AGGRESSIVE;
				CLANG_WARN_UNREACHABLE_CODE = YES;
				CLANG_WARN__DUPLICATE_METHOD_MATCH = YES;
				CODE_SIGN_IDENTITY = "iPhone Developer";
				COPY_PHASE_STRIP = NO;
				DEBUG_INFORMATION_FORMAT = "dwarf-with-dsym";
				ENABLE_NS_ASSERTIONS = NO;
				ENABLE_STRICT_OBJC_MSGSEND = YES;
				GCC_C_LANGUAGE_STANDARD = gnu11;
				GCC_NO_COMMON_BLOCKS = YES;
				GCC_WARN_64_TO_32_BIT_CONVERSION = YES;
				GCC_WARN_ABOUT_RETURN_TYPE = YES_ERROR;
				GCC_WARN_UNDECLARED_SELECTOR = YES;
				GCC_WARN_UNINITIALIZED_AUTOS = YES_AGGRESSIVE;
				GCC_WARN_UNUSED_FUNCTION = YES;
				GCC_WARN_UNUSED_VARIABLE = YES;
				IPHONEOS_DEPLOYMENT_TARGET = 11.3;
				MTL_ENABLE_DEBUG_INFO = NO;
				SDKROOT = iphoneos;
				SWIFT_COMPILATION_MODE = wholemodule;
				SWIFT_OPTIMIZATION_LEVEL = "-O";
				VALIDATE_PRODUCT = YES;
			};
			name = Release;
		};
		84417C6320811AC400BB3513 /* Debug */ = {
			isa = XCBuildConfiguration;
			buildSettings = {
				ASSETCATALOG_COMPILER_APPICON_NAME = AppIcon;
				CODE_SIGN_STYLE = Automatic;
				DEVELOPMENT_TEAM = S8D799H7U9;
				INFOPLIST_FILE = PhotoMaster/Info.plist;
				IPHONEOS_DEPLOYMENT_TARGET = 11.3;
				LD_RUNPATH_SEARCH_PATHS = (
					"$(inherited)",
					"@executable_path/Frameworks",
				);
				PRODUCT_BUNDLE_IDENTIFIER = com.yoshiki.PhotoMaster;
				PRODUCT_NAME = "$(TARGET_NAME)";
				SWIFT_VERSION = 4.0;
				TARGETED_DEVICE_FAMILY = "1,2";
			};
			name = Debug;
		};
		84417C6420811AC400BB3513 /* Release */ = {
			isa = XCBuildConfiguration;
			buildSettings = {
				ASSETCATALOG_COMPILER_APPICON_NAME = AppIcon;
				CODE_SIGN_STYLE = Automatic;
				DEVELOPMENT_TEAM = S8D799H7U9;
				INFOPLIST_FILE = PhotoMaster/Info.plist;
				IPHONEOS_DEPLOYMENT_TARGET = 11.3;
				LD_RUNPATH_SEARCH_PATHS = (
					"$(inherited)",
					"@executable_path/Frameworks",
				);
				PRODUCT_BUNDLE_IDENTIFIER = com.yoshiki.PhotoMaster;
				PRODUCT_NAME = "$(TARGET_NAME)";
				SWIFT_VERSION = 4.0;
				TARGETED_DEVICE_FAMILY = "1,2";
			};
			name = Release;
		};
		84417C6620811AC400BB3513 /* Debug */ = {
			isa = XCBuildConfiguration;
			buildSettings = {
				ALWAYS_EMBED_SWIFT_STANDARD_LIBRARIES = YES;
				BUNDLE_LOADER = "$(TEST_HOST)";
				CODE_SIGN_STYLE = Automatic;
				DEVELOPMENT_TEAM = S8D799H7U9;
				INFOPLIST_FILE = PhotoMasterTests/Info.plist;
				LD_RUNPATH_SEARCH_PATHS = (
					"$(inherited)",
					"@executable_path/Frameworks",
					"@loader_path/Frameworks",
				);
				PRODUCT_BUNDLE_IDENTIFIER = com.yoshiki.PhotoMasterTests;
				PRODUCT_NAME = "$(TARGET_NAME)";
				SWIFT_VERSION = 4.0;
				TARGETED_DEVICE_FAMILY = "1,2";
				TEST_HOST = "$(BUILT_PRODUCTS_DIR)/PhotoMaster.app/PhotoMaster";
			};
			name = Debug;
		};
		84417C6720811AC400BB3513 /* Release */ = {
			isa = XCBuildConfiguration;
			buildSettings = {
				ALWAYS_EMBED_SWIFT_STANDARD_LIBRARIES = YES;
				BUNDLE_LOADER = "$(TEST_HOST)";
				CODE_SIGN_STYLE = Automatic;
				DEVELOPMENT_TEAM = S8D799H7U9;
				INFOPLIST_FILE = PhotoMasterTests/Info.plist;
				LD_RUNPATH_SEARCH_PATHS = (
					"$(inherited)",
					"@executable_path/Frameworks",
					"@loader_path/Frameworks",
				);
				PRODUCT_BUNDLE_IDENTIFIER = com.yoshiki.PhotoMasterTests;
				PRODUCT_NAME = "$(TARGET_NAME)";
				SWIFT_VERSION = 4.0;
				TARGETED_DEVICE_FAMILY = "1,2";
				TEST_HOST = "$(BUILT_PRODUCTS_DIR)/PhotoMaster.app/PhotoMaster";
			};
			name = Release;
		};
		84417C6920811AC400BB3513 /* Debug */ = {
			isa = XCBuildConfiguration;
			buildSettings = {
				ALWAYS_EMBED_SWIFT_STANDARD_LIBRARIES = YES;
				CODE_SIGN_STYLE = Automatic;
				DEVELOPMENT_TEAM = S8D799H7U9;
				INFOPLIST_FILE = PhotoMasterUITests/Info.plist;
				LD_RUNPATH_SEARCH_PATHS = (
					"$(inherited)",
					"@executable_path/Frameworks",
					"@loader_path/Frameworks",
				);
				PRODUCT_BUNDLE_IDENTIFIER = com.yoshiki.PhotoMasterUITests;
				PRODUCT_NAME = "$(TARGET_NAME)";
				SWIFT_VERSION = 4.0;
				TARGETED_DEVICE_FAMILY = "1,2";
				TEST_TARGET_NAME = PhotoMaster;
			};
			name = Debug;
		};
		84417C6A20811AC400BB3513 /* Release */ = {
			isa = XCBuildConfiguration;
			buildSettings = {
				ALWAYS_EMBED_SWIFT_STANDARD_LIBRARIES = YES;
				CODE_SIGN_STYLE = Automatic;
				DEVELOPMENT_TEAM = S8D799H7U9;
				INFOPLIST_FILE = PhotoMasterUITests/Info.plist;
				LD_RUNPATH_SEARCH_PATHS = (
					"$(inherited)",
					"@executable_path/Frameworks",
					"@loader_path/Frameworks",
				);
				PRODUCT_BUNDLE_IDENTIFIER = com.yoshiki.PhotoMasterUITests;
				PRODUCT_NAME = "$(TARGET_NAME)";
				SWIFT_VERSION = 4.0;
				TARGETED_DEVICE_FAMILY = "1,2";
				TEST_TARGET_NAME = PhotoMaster;
			};
			name = Release;
		};
/* End XCBuildConfiguration section */

/* Begin XCConfigurationList section */
		84417C3520811AC300BB3513 /* Build configuration list for PBXProject "PhotoMaster" */ = {
			isa = XCConfigurationList;
			buildConfigurations = (
				84417C6020811AC400BB3513 /* Debug */,
				84417C6120811AC400BB3513 /* Release */,
			);
			defaultConfigurationIsVisible = 0;
			defaultConfigurationName = Release;
		};
		84417C6220811AC400BB3513 /* Build configuration list for PBXNativeTarget "PhotoMaster" */ = {
			isa = XCConfigurationList;
			buildConfigurations = (
				84417C6320811AC400BB3513 /* Debug */,
				84417C6420811AC400BB3513 /* Release */,
			);
			defaultConfigurationIsVisible = 0;
			defaultConfigurationName = Release;
		};
		84417C6520811AC400BB3513 /* Build configuration list for PBXNativeTarget "PhotoMasterTests" */ = {
			isa = XCConfigurationList;
			buildConfigurations = (
				84417C6620811AC400BB3513 /* Debug */,
				84417C6720811AC400BB3513 /* Release */,
			);
			defaultConfigurationIsVisible = 0;
			defaultConfigurationName = Release;
		};
		84417C6820811AC400BB3513 /* Build configuration list for PBXNativeTarget "PhotoMasterUITests" */ = {
			isa = XCConfigurationList;
			buildConfigurations = (
				84417C6920811AC400BB3513 /* Debug */,
				84417C6A20811AC400BB3513 /* Release */,
			);
			defaultConfigurationIsVisible = 0;
			defaultConfigurationName = Release;
		};
/* End XCConfigurationList section */
	};
	rootObject = 84417C3220811AC300BB3513 /* Project object */;
}
